{
  "object": {
    "pins": [
      {
        "package": "CSourceKit",
        "repositoryURL": "/Users/tanner/dev/tanner0101/csourcekit",
        "state": {
          "branch": "master",
          "revision": "38edd420234d758d7ce3db3eb3a87a0ab4360f1e",
          "version": null
        }
      }
    ]
  },
  "version": 1
}
